{
  "version": 4,
  "terraform_version": "1.14.6",
  "serial": 13,
  "lineage": "a14d1f43-5a81-438c-0e0b-d910d98b6001",
  "outputs": {
    "github_deployer_service_account_email": {
      "value": "github-deployer@devopslearn-477411.iam.gserviceaccount.com",
      "type": "string"
    },
    "service_name": {
      "value": "tictactoe-frontend",
      "type": "string"
    },
    "workload_identity_provider_name": {
      "value": "projects/433475726149/locations/global/workloadIdentityPools/github-pool/providers/github-provider",
      "type": "string"
    }
  },
  "resources": [
    {
      "module": "module.bootstrap",
      "mode": "managed",
      "type": "google_iam_workload_identity_pool",
      "name": "github_pool",
      "provider": "provider[\"registry.terraform.io/hashicorp/google\"]",
      "instances": [
        {
          "schema_version": 0,
          "attributes": {
            "description": "OIDC trust for GitHub Actions",
            "disabled": false,
            "display_name": "GitHub Actions Pool",
            "id": "projects/devopslearn-477411/locations/global/workloadIdentityPools/github-pool",
            "name": "projects/433475726149/locations/global/workloadIdentityPools/github-pool",
            "project": "devopslearn-477411",
            "state": "ACTIVE",
            "timeouts": null,
            "workload_identity_pool_id": "github-pool"
          },
          "sensitive_attributes": [],
          "identity_schema_version": 0,
          "private": "eyJlMmJmYjczMC1lY2FhLTExZTYtOGY4OC0zNDM2M2JjN2M0YzAiOnsiY3JlYXRlIjoxMjAwMDAwMDAwMDAwLCJkZWxldGUiOjEyMDAwMDAwMDAwMDAsInVwZGF0ZSI6MTIwMDAwMDAwMDAwMH19"
        }
      ]
    },
    {
      "module": "module.bootstrap",
      "mode": "managed",
      "type": "google_iam_workload_identity_pool_provider",
      "name": "github_provider",
      "provider": "provider[\"registry.terraform.io/hashicorp/google\"]",
      "instances": [
        {
          "schema_version": 0,
          "attributes": {
            "attribute_condition": "assertion.repository == \"ShuttingDownExe/Tic-Tac-Toe\"",
            "attribute_mapping": {
              "attribute.actor": "assertion.actor",
              "attribute.ref": "assertion.ref",
              "attribute.repository": "assertion.repository",
              "google.subject": "assertion.sub"
            },
            "aws": [],
            "description": "",
            "disabled": false,
            "display_name": "GitHub Provider",
            "id": "projects/devopslearn-477411/locations/global/workloadIdentityPools/github-pool/providers/github-provider",
            "name": "projects/433475726149/locations/global/workloadIdentityPools/github-pool/providers/github-provider",
            "oidc": [
              {
                "allowed_audiences": [],
                "issuer_uri": "https://token.actions.githubusercontent.com",
                "jwks_json": ""
              }
            ],
            "project": "devopslearn-477411",
            "saml": [],
            "state": "ACTIVE",
            "timeouts": null,
            "workload_identity_pool_id": "github-pool",
            "workload_identity_pool_provider_id": "github-provider",
            "x509": []
          },
          "sensitive_attributes": [],
          "identity_schema_version": 0,
          "private": "eyJlMmJmYjczMC1lY2FhLTExZTYtOGY4OC0zNDM2M2JjN2M0YzAiOnsiY3JlYXRlIjoxMjAwMDAwMDAwMDAwLCJkZWxldGUiOjEyMDAwMDAwMDAwMDAsInVwZGF0ZSI6MTIwMDAwMDAwMDAwMH19",
          "dependencies": [
            "module.bootstrap.google_iam_workload_identity_pool.github_pool"
          ]
        }
      ]
    },
    {
      "module": "module.bootstrap",
      "mode": "managed",
      "type": "google_project_iam_member",
      "name": "github_run_admin",
      "provider": "provider[\"registry.terraform.io/hashicorp/google\"]",
      "instances": [
        {
          "schema_version": 0,
          "attributes": {
            "condition": [],
            "etag": "BwZNrvMRExE=",
            "id": "devopslearn-477411/roles/run.admin/serviceAccount:github-deployer@devopslearn-477411.iam.gserviceaccount.com",
            "member": "serviceAccount:github-deployer@devopslearn-477411.iam.gserviceaccount.com",
            "project": "devopslearn-477411",
            "role": "roles/run.admin"
          },
          "sensitive_attributes": [],
          "identity_schema_version": 0,
          "private": "bnVsbA==",
          "dependencies": [
            "module.bootstrap.google_service_account.github_deployer"
          ]
        }
      ]
    },
    {
      "module": "module.bootstrap",
      "mode": "managed",
      "type": "google_service_account",
      "name": "cloud_run_sa",
      "provider": "provider[\"registry.terraform.io/hashicorp/google\"]",
      "instances": [
        {
          "schema_version": 0,
          "attributes": {
            "account_id": "cloud-run-sa",
            "create_ignore_already_exists": null,
            "description": "",
            "disabled": false,
            "display_name": "Cloud Run runtime service account",
            "email": "cloud-run-sa@devopslearn-477411.iam.gserviceaccount.com",
            "id": "projects/devopslearn-477411/serviceAccounts/cloud-run-sa@devopslearn-477411.iam.gserviceaccount.com",
            "member": "serviceAccount:cloud-run-sa@devopslearn-477411.iam.gserviceaccount.com",
            "name": "projects/devopslearn-477411/serviceAccounts/cloud-run-sa@devopslearn-477411.iam.gserviceaccount.com",
            "project": "devopslearn-477411",
            "timeouts": null,
            "unique_id": "106505776642988581526"
          },
          "sensitive_attributes": [],
          "identity_schema_version": 0,
          "private": "eyJlMmJmYjczMC1lY2FhLTExZTYtOGY4OC0zNDM2M2JjN2M0YzAiOnsiY3JlYXRlIjozMDAwMDAwMDAwMDB9fQ=="
        }
      ]
    },
    {
      "module": "module.bootstrap",
      "mode": "managed",
      "type": "google_service_account",
      "name": "github_deployer",
      "provider": "provider[\"registry.terraform.io/hashicorp/google\"]",
      "instances": [
        {
          "schema_version": 0,
          "attributes": {
            "account_id": "github-deployer",
            "create_ignore_already_exists": null,
            "description": "",
            "disabled": false,
            "display_name": "GitHub Actions Terraform deployer",
            "email": "github-deployer@devopslearn-477411.iam.gserviceaccount.com",
            "id": "projects/devopslearn-477411/serviceAccounts/github-deployer@devopslearn-477411.iam.gserviceaccount.com",
            "member": "serviceAccount:github-deployer@devopslearn-477411.iam.gserviceaccount.com",
            "name": "projects/devopslearn-477411/serviceAccounts/github-deployer@devopslearn-477411.iam.gserviceaccount.com",
            "project": "devopslearn-477411",
            "timeouts": null,
            "unique_id": "118046900899178524538"
          },
          "sensitive_attributes": [],
          "identity_schema_version": 0,
          "private": "eyJlMmJmYjczMC1lY2FhLTExZTYtOGY4OC0zNDM2M2JjN2M0YzAiOnsiY3JlYXRlIjozMDAwMDAwMDAwMDB9fQ=="
        }
      ]
    },
    {
      "module": "module.bootstrap",
      "mode": "managed",
      "type": "google_service_account_iam_member",
      "name": "github_can_act_as_runtime",
      "provider": "provider[\"registry.terraform.io/hashicorp/google\"]",
      "instances": [
        {
          "schema_version": 0,
          "attributes": {
            "condition": [],
            "etag": "BwZNrvLPPuI=",
            "id": "projects/devopslearn-477411/serviceAccounts/cloud-run-sa@devopslearn-477411.iam.gserviceaccount.com/roles/iam.serviceAccountUser/serviceAccount:github-deployer@devopslearn-477411.iam.gserviceaccount.com",
            "member": "serviceAccount:github-deployer@devopslearn-477411.iam.gserviceaccount.com",
            "role": "roles/iam.serviceAccountUser",
            "service_account_id": "projects/devopslearn-477411/serviceAccounts/cloud-run-sa@devopslearn-477411.iam.gserviceaccount.com"
          },
          "sensitive_attributes": [],
          "identity_schema_version": 0,
          "private": "bnVsbA==",
          "dependencies": [
            "module.bootstrap.google_service_account.cloud_run_sa",
            "module.bootstrap.google_service_account.github_deployer"
          ]
        }
      ]
    },
    {
      "module": "module.bootstrap",
      "mode": "managed",
      "type": "google_service_account_iam_member",
      "name": "github_wif_user",
      "provider": "provider[\"registry.terraform.io/hashicorp/google\"]",
      "instances": [
        {
          "schema_version": 0,
          "attributes": {
            "condition": [],
            "etag": "BwZNrvLHqa0=",
            "id": "projects/devopslearn-477411/serviceAccounts/github-deployer@devopslearn-477411.iam.gserviceaccount.com/roles/iam.workloadIdentityUser/principalSet://iam.googleapis.com/projects/433475726149/locations/global/workloadIdentityPools/github-pool/attribute.repository/ShuttingDownExe/Tic-Tac-Toe",
            "member": "principalSet://iam.googleapis.com/projects/433475726149/locations/global/workloadIdentityPools/github-pool/attribute.repository/ShuttingDownExe/Tic-Tac-Toe",
            "role": "roles/iam.workloadIdentityUser",
            "service_account_id": "projects/devopslearn-477411/serviceAccounts/github-deployer@devopslearn-477411.iam.gserviceaccount.com"
          },
          "sensitive_attributes": [],
          "identity_schema_version": 0,
          "private": "bnVsbA==",
          "dependencies": [
            "module.bootstrap.google_iam_workload_identity_pool.github_pool",
            "module.bootstrap.google_service_account.github_deployer"
          ]
        }
      ]
    },
    {
      "module": "module.cloud_run",
      "mode": "managed",
      "type": "google_cloud_run_v2_service",
      "name": "frontend",
      "provider": "provider[\"registry.terraform.io/hashicorp/google\"]",
      "instances": [
        {
          "status": "tainted",
          "schema_version": 0,
          "attributes": {
            "annotations": {},
            "binary_authorization": [],
            "build_config": [],
            "client": "",
            "client_version": "",
            "conditions": [
              {
                "execution_reason": "",
                "last_transition_time": "2026-03-23T11:19:06.031453Z",
                "message": "Revision 'tictactoe-frontend-00001-vsb' is not ready and cannot serve traffic. Cloud Run does not support image 'mirror.gcr.io/rishithkumar/tictactoe-frontend:latest': Container manifest type 'application/vnd.oci.image.index.v1+json' must support amd64/linux.",
                "reason": "REVISION_FAILED",
                "revision_reason": "",
                "severity": "",
                "state": "CONDITION_FAILED",
                "type": "RoutesReady"
              },
              {
                "execution_reason": "",
                "last_transition_time": "2026-03-23T11:19:06.020599Z",
                "message": "Cloud Run does not support image 'mirror.gcr.io/rishithkumar/tictactoe-frontend:latest': Container manifest type 'application/vnd.oci.image.index.v1+json' must support amd64/linux.",
                "reason": "",
                "revision_reason": "",
                "severity": "",
                "state": "CONDITION_FAILED",
                "type": "ConfigurationsReady"
              }
            ],
            "create_time": "2026-03-23T11:19:03.690932Z",
            "creator": "rishithkumar830@gmail.com",
            "custom_audiences": [],
            "default_uri_disabled": false,
            "delete_time": "",
            "deletion_protection": true,
            "description": "",
            "effective_annotations": {},
            "effective_labels": {
              "goog-terraform-provisioned": "true"
            },
            "etag": "\"CKfDhM4GEKCSu8kC/cHJvamVjdHMvZGV2b3BzbGVhcm4tNDc3NDExL2xvY2F0aW9ucy9hc2lhLXNvdXRoMS9zZXJ2aWNlcy90aWN0YWN0b2UtZnJvbnRlbmQ\"",
            "expire_time": "",
            "generation": "1",
            "iap_enabled": false,
            "id": "projects/devopslearn-477411/locations/asia-south1/services/tictactoe-frontend",
            "ingress": "INGRESS_TRAFFIC_ALL",
            "invoker_iam_disabled": false,
            "labels": {},
            "last_modifier": "rishithkumar830@gmail.com",
            "latest_created_revision": "projects/devopslearn-477411/locations/asia-south1/services/tictactoe-frontend/revisions/tictactoe-frontend-00001-vsb",
            "latest_ready_revision": "",
            "launch_stage": "GA",
            "location": "asia-south1",
            "multi_region_settings": [],
            "name": "tictactoe-frontend",
            "observed_generation": "1",
            "project": "devopslearn-477411",
            "reconciling": false,
            "scaling": [
              {
                "manual_instance_count": 0,
                "max_instance_count": 20,
                "min_instance_count": 0,
                "scaling_mode": ""
              }
            ],
            "template": [
              {
                "annotations": {},
                "containers": [
                  {
                    "args": [],
                    "base_image_uri": "",
                    "build_info": [],
                    "command": [],
                    "depends_on": [],
                    "env": [
                      {
                        "name": "NODE_ENV",
                        "value": "production",
                        "value_source": []
                      }
                    ],
                    "image": "rishithkumar/tictactoe-frontend:latest",
                    "liveness_probe": [],
                    "name": "",
                    "ports": [
                      {
                        "container_port": 8080,
                        "name": "http1"
                      }
                    ],
                    "readiness_probe": [],
                    "resources": [
                      {
                        "cpu_idle": false,
                        "limits": {
                          "cpu": "1",
                          "memory": "512Mi"
                        },
                        "startup_cpu_boost": false
                      }
                    ],
                    "startup_probe": [
                      {
                        "failure_threshold": 1,
                        "grpc": [],
                        "http_get": [],
                        "initial_delay_seconds": 0,
                        "period_seconds": 240,
                        "tcp_socket": [
                          {
                            "port": 8080
                          }
                        ],
                        "timeout_seconds": 240
                      }
                    ],
                    "volume_mounts": [],
                    "working_dir": ""
                  }
                ],
                "encryption_key": "",
                "execution_environment": "",
                "gpu_zonal_redundancy_disabled": false,
                "health_check_disabled": false,
                "labels": {},
                "max_instance_request_concurrency": 80,
                "node_selector": [],
                "revision": "",
                "scaling": [
                  {
                    "max_instance_count": 3,
                    "min_instance_count": 0
                  }
                ],
                "service_account": "cloud-run-sa@devopslearn-477411.iam.gserviceaccount.com",
                "session_affinity": false,
                "timeout": "300s",
                "volumes": [],
                "vpc_access": []
              }
            ],
            "terminal_condition": [
              {
                "execution_reason": "",
                "last_transition_time": "2026-03-23T11:19:06.031453Z",
                "message": "Revision 'tictactoe-frontend-00001-vsb' is not ready and cannot serve traffic. Cloud Run does not support image 'mirror.gcr.io/rishithkumar/tictactoe-frontend:latest': Container manifest type 'application/vnd.oci.image.index.v1+json' must support amd64/linux.",
                "reason": "REVISION_FAILED",
                "revision_reason": "",
                "severity": "",
                "state": "CONDITION_FAILED",
                "type": "Ready"
              }
            ],
            "terraform_labels": {
              "goog-terraform-provisioned": "true"
            },
            "timeouts": null,
            "traffic": [
              {
                "percent": 100,
                "revision": "",
                "tag": "",
                "type": "TRAFFIC_TARGET_ALLOCATION_TYPE_LATEST"
              }
            ],
            "traffic_statuses": [],
            "uid": "98c1bba8-677f-46de-9191-bac534cd1b0c",
            "update_time": "2026-03-23T11:19:03.690932Z",
            "uri": "",
            "urls": [
              "https://tictactoe-frontend-433475726149.asia-south1.run.app"
            ]
          },
          "sensitive_attributes": [],
          "identity_schema_version": 0,
          "private": "eyJlMmJmYjczMC1lY2FhLTExZTYtOGY4OC0zNDM2M2JjN2M0YzAiOnsiY3JlYXRlIjoxMjAwMDAwMDAwMDAwLCJkZWxldGUiOjEyMDAwMDAwMDAwMDAsInVwZGF0ZSI6MTIwMDAwMDAwMDAwMH19",
          "dependencies": [
            "module.bootstrap.google_service_account.cloud_run_sa"
          ]
        }
      ]
    }
  ],
  "check_results": null
}
